
Microsoft Visual Studio Solution File, Format Version 12.00
# Visual Studio Version 17
VisualStudioVersion = 17.3.32825.248
MinimumVisualStudioVersion = 10.0.40219.1
Project("{FAE04EC0-301F-11D3-BF4B-00C04F79EFBC}") = "BookLib", "BookLib\BookLib.csproj", "{18540856-FD25-49DE-940C-17AB3C716FD6}"
EndProject
Project("{FAE04EC0-301F-11D3-BF4B-00C04F79EFBC}") = "AllPeople", "AllPeople\AllPeople.csproj", "{7D68DFEA-232C-400A-998D-CCE0475F8B15}"
EndProject
Project("{FAE04EC0-301F-11D3-BF4B-00C04F79EFBC}") = "LibraryItems", "Items1\LibraryItems.csproj", "{91947558-12FE-42CC-9B9B-10FA83D34687}"
EndProject
Project("{FAE04EC0-301F-11D3-BF4B-00C04F79EFBC}") = "Datastor", "Datastor\Datastor.csproj", "{45AF379F-95A2-4FF5-A7FA-546B19E4B321}"
EndProject
Global
	GlobalSection(SolutionConfigurationPlatforms) = preSolution
		Debug|Any CPU = Debug|Any CPU
		Debug|ARM = Debug|ARM
		Debug|ARM64 = Debug|ARM64
		Debug|x64 = Debug|x64
		Debug|x86 = Debug|x86
		Release|Any CPU = Release|Any CPU
		Release|ARM = Release|ARM
		Release|ARM64 = Release|ARM64
		Release|x64 = Release|x64
		Release|x86 = Release|x86
	EndGlobalSection
	GlobalSection(ProjectConfigurationPlatforms) = postSolution
		{18540856-FD25-49DE-940C-17AB3C716FD6}.Debug|Any CPU.ActiveCfg = Debug|x64
		{18540856-FD25-49DE-940C-17AB3C716FD6}.Debug|Any CPU.Build.0 = Debug|x64
		{18540856-FD25-49DE-940C-17AB3C716FD6}.Debug|Any CPU.Deploy.0 = Debug|x64
		{18540856-FD25-49DE-940C-17AB3C716FD6}.Debug|ARM.ActiveCfg = Debug|ARM
		{18540856-FD25-49DE-940C-17AB3C716FD6}.Debug|ARM.Build.0 = Debug|ARM
		{18540856-FD25-49DE-940C-17AB3C716FD6}.Debug|ARM.Deploy.0 = Debug|ARM
		{18540856-FD25-49DE-940C-17AB3C716FD6}.Debug|ARM64.ActiveCfg = Debug|ARM64
		{18540856-FD25-49DE-940C-17AB3C716FD6}.Debug|ARM64.Build.0 = Debug|ARM64
		{18540856-FD25-49DE-940C-17AB3C716FD6}.Debug|ARM64.Deploy.0 = Debug|ARM64
		{18540856-FD25-49DE-940C-17AB3C716FD6}.Debug|x64.ActiveCfg = Debug|x64
		{18540856-FD25-49DE-940C-17AB3C716FD6}.Debug|x64.Build.0 = Debug|x64
		{18540856-FD25-49DE-940C-17AB3C716FD6}.Debug|x64.Deploy.0 = Debug|x64
		{18540856-FD25-49DE-940C-17AB3C716FD6}.Debug|x86.ActiveCfg = Debug|x86
		{18540856-FD25-49DE-940C-17AB3C716FD6}.Debug|x86.Build.0 = Debug|x86
		{18540856-FD25-49DE-940C-17AB3C716FD6}.Debug|x86.Deploy.0 = Debug|x86
		{18540856-FD25-49DE-940C-17AB3C716FD6}.Release|Any CPU.ActiveCfg = Release|x64
		{18540856-FD25-49DE-940C-17AB3C716FD6}.Release|Any CPU.Build.0 = Release|x64
		{18540856-FD25-49DE-940C-17AB3C716FD6}.Release|Any CPU.Deploy.0 = Release|x64
		{18540856-FD25-49DE-940C-17AB3C716FD6}.Release|ARM.ActiveCfg = Release|ARM
		{18540856-FD25-49DE-940C-17AB3C716FD6}.Release|ARM.Build.0 = Release|ARM
		{18540856-FD25-49DE-940C-17AB3C716FD6}.Release|ARM.Deploy.0 = Release|ARM
		{18540856-FD25-49DE-940C-17AB3C716FD6}.Release|ARM64.ActiveCfg = Release|ARM64
		{18540856-FD25-49DE-940C-17AB3C716FD6}.Release|ARM64.Build.0 = Release|ARM64
		{18540856-FD25-49DE-940C-17AB3C716FD6}.Release|ARM64.Deploy.0 = Release|ARM64
		{18540856-FD25-49DE-940C-17AB3C716FD6}.Release|x64.ActiveCfg = Release|x64
		{18540856-FD25-49DE-940C-17AB3C716FD6}.Release|x64.Build.0 = Release|x64
		{18540856-FD25-49DE-940C-17AB3C716FD6}.Release|x64.Deploy.0 = Release|x64
		{18540856-FD25-49DE-940C-17AB3C716FD6}.Release|x86.ActiveCfg = Release|x86
		{18540856-FD25-49DE-940C-17AB3C716FD6}.Release|x86.Build.0 = Release|x86
		{18540856-FD25-49DE-940C-17AB3C716FD6}.Release|x86.Deploy.0 = Release|x86
		{7D68DFEA-232C-400A-998D-CCE0475F8B15}.Debug|Any CPU.ActiveCfg = Debug|Any CPU
		{7D68DFEA-232C-400A-998D-CCE0475F8B15}.Debug|Any CPU.Build.0 = Debug|Any CPU
		{7D68DFEA-232C-400A-998D-CCE0475F8B15}.Debug|ARM.ActiveCfg = Debug|ARM
		{7D68DFEA-232C-400A-998D-CCE0475F8B15}.Debug|ARM.Build.0 = Debug|ARM
		{7D68DFEA-232C-400A-998D-CCE0475F8B15}.Debug|ARM64.ActiveCfg = Debug|ARM64
		{7D68DFEA-232C-400A-998D-CCE0475F8B15}.Debug|ARM64.Build.0 = Debug|ARM64
		{7D68DFEA-232C-400A-998D-CCE0475F8B15}.Debug|x64.ActiveCfg = Debug|x64
		{7D68DFEA-232C-400A-998D-CCE0475F8B15}.Debug|x64.Build.0 = Debug|x64
		{7D68DFEA-232C-400A-998D-CCE0475F8B15}.Debug|x86.ActiveCfg = Debug|x86
		{7D68DFEA-232C-400A-998D-CCE0475F8B15}.Debug|x86.Build.0 = Debug|x86
		{7D68DFEA-232C-400A-998D-CCE0475F8B15}.Release|Any CPU.ActiveCfg = Release|Any CPU
		{7D68DFEA-232C-400A-998D-CCE0475F8B15}.Release|Any CPU.Build.0 = Release|Any CPU
		{7D68DFEA-232C-400A-998D-CCE0475F8B15}.Release|ARM.ActiveCfg = Release|ARM
		{7D68DFEA-232C-400A-998D-CCE0475F8B15}.Release|ARM.Build.0 = Release|ARM
		{7D68DFEA-232C-400A-998D-CCE0475F8B15}.Release|ARM64.ActiveCfg = Release|ARM64
		{7D68DFEA-232C-400A-998D-CCE0475F8B15}.Release|ARM64.Build.0 = Release|ARM64
		{7D68DFEA-232C-400A-998D-CCE0475F8B15}.Release|x64.ActiveCfg = Release|x64
		{7D68DFEA-232C-400A-998D-CCE0475F8B15}.Release|x64.Build.0 = Release|x64
		{7D68DFEA-232C-400A-998D-CCE0475F8B15}.Release|x86.ActiveCfg = Release|x86
		{7D68DFEA-232C-400A-998D-CCE0475F8B15}.Release|x86.Build.0 = Release|x86
		{91947558-12FE-42CC-9B9B-10FA83D34687}.Debug|Any CPU.ActiveCfg = Debug|Any CPU
		{91947558-12FE-42CC-9B9B-10FA83D34687}.Debug|Any CPU.Build.0 = Debug|Any CPU
		{91947558-12FE-42CC-9B9B-10FA83D34687}.Debug|ARM.ActiveCfg = Debug|ARM
		{91947558-12FE-42CC-9B9B-10FA83D34687}.Debug|ARM.Build.0 = Debug|ARM
		{91947558-12FE-42CC-9B9B-10FA83D34687}.Debug|ARM64.ActiveCfg = Debug|ARM64
		{91947558-12FE-42CC-9B9B-10FA83D34687}.Debug|ARM64.Build.0 = Debug|ARM64
		{91947558-12FE-42CC-9B9B-10FA83D34687}.Debug|x64.ActiveCfg = Debug|x64
		{91947558-12FE-42CC-9B9B-10FA83D34687}.Debug|x64.Build.0 = Debug|x64
		{91947558-12FE-42CC-9B9B-10FA83D34687}.Debug|x86.ActiveCfg = Debug|x86
		{91947558-12FE-42CC-9B9B-10FA83D34687}.Debug|x86.Build.0 = Debug|x86
		{91947558-12FE-42CC-9B9B-10FA83D34687}.Release|Any CPU.ActiveCfg = Release|Any CPU
		{91947558-12FE-42CC-9B9B-10FA83D34687}.Release|Any CPU.Build.0 = Release|Any CPU
		{91947558-12FE-42CC-9B9B-10FA83D34687}.Release|ARM.ActiveCfg = Release|ARM
		{91947558-12FE-42CC-9B9B-10FA83D34687}.Release|ARM.Build.0 = Release|ARM
		{91947558-12FE-42CC-9B9B-10FA83D34687}.Release|ARM64.ActiveCfg = Release|ARM64
		{91947558-12FE-42CC-9B9B-10FA83D34687}.Release|ARM64.Build.0 = Release|ARM64
		{91947558-12FE-42CC-9B9B-10FA83D34687}.Release|x64.ActiveCfg = Release|x64
		{91947558-12FE-42CC-9B9B-10FA83D34687}.Release|x64.Build.0 = Release|x64
		{91947558-12FE-42CC-9B9B-10FA83D34687}.Release|x86.ActiveCfg = Release|x86
		{91947558-12FE-42CC-9B9B-10FA83D34687}.Release|x86.Build.0 = Release|x86
		{45AF379F-95A2-4FF5-A7FA-546B19E4B321}.Debug|Any CPU.ActiveCfg = Debug|Any CPU
		{45AF379F-95A2-4FF5-A7FA-546B19E4B321}.Debug|Any CPU.Build.0 = Debug|Any CPU
		{45AF379F-95A2-4FF5-A7FA-546B19E4B321}.Debug|ARM.ActiveCfg = Debug|ARM
		{45AF379F-95A2-4FF5-A7FA-546B19E4B321}.Debug|ARM.Build.0 = Debug|ARM
		{45AF379F-95A2-4FF5-A7FA-546B19E4B321}.Debug|ARM64.ActiveCfg = Debug|ARM64
		{45AF379F-95A2-4FF5-A7FA-546B19E4B321}.Debug|ARM64.Build.0 = Debug|ARM64
		{45AF379F-95A2-4FF5-A7FA-546B19E4B321}.Debug|x64.ActiveCfg = Debug|x64
		{45AF379F-95A2-4FF5-A7FA-546B19E4B321}.Debug|x64.Build.0 = Debug|x64
		{45AF379F-95A2-4FF5-A7FA-546B19E4B321}.Debug|x86.ActiveCfg = Debug|x86
		{45AF379F-95A2-4FF5-A7FA-546B19E4B321}.Debug|x86.Build.0 = Debug|x86
		{45AF379F-95A2-4FF5-A7FA-546B19E4B321}.Release|Any CPU.ActiveCfg = Release|Any CPU
		{45AF379F-95A2-4FF5-A7FA-546B19E4B321}.Release|Any CPU.Build.0 = Release|Any CPU
		{45AF379F-95A2-4FF5-A7FA-546B19E4B321}.Release|ARM.ActiveCfg = Release|ARM
		{45AF379F-95A2-4FF5-A7FA-546B19E4B321}.Release|ARM.Build.0 = Release|ARM
		{45AF379F-95A2-4FF5-A7FA-546B19E4B321}.Release|ARM64.ActiveCfg = Release|ARM64
		{45AF379F-95A2-4FF5-A7FA-546B19E4B321}.Release|ARM64.Build.0 = Release|ARM64
		{45AF379F-95A2-4FF5-A7FA-546B19E4B321}.Release|x64.ActiveCfg = Release|x64
		{45AF379F-95A2-4FF5-A7FA-546B19E4B321}.Release|x64.Build.0 = Release|x64
		{45AF379F-95A2-4FF5-A7FA-546B19E4B321}.Release|x86.ActiveCfg = Release|x86
		{45AF379F-95A2-4FF5-A7FA-546B19E4B321}.Release|x86.Build.0 = Release|x86
	EndGlobalSection
	GlobalSection(SolutionProperties) = preSolution
		HideSolutionNode = FALSE
	EndGlobalSection
	GlobalSection(ExtensibilityGlobals) = postSolution
		SolutionGuid = {4233E9F0-E3DA-4AD7-B236-2B8F672CFFE1}
	EndGlobalSection
EndGlobal
